
Microsoft Visual Studio Solution File, Format Version 12.00
# Visual Studio Version 17
VisualStudioVersion = 17.14.36203.30 d17.14
MinimumVisualStudioVersion = 10.0.40219.1
Project("{FAE04EC0-301F-11D3-BF4B-00C04F79EFBC}") = "the form Instant Math Analyzer", "the form Instant Math Analyzer\the form Instant Math Analyzer.csproj", "{F88D7506-6481-4160-B038-118E0AE4F815}"
EndProject
Global
	GlobalSection(SolutionConfigurationPlatforms) = preSolution
		Debug|Any CPU = Debug|Any CPU
		Release|Any CPU = Release|Any CPU
	EndGlobalSection
	GlobalSection(ProjectConfigurationPlatforms) = postSolution
		{F88D7506-6481-4160-B038-118E0AE4F815}.Debug|Any CPU.ActiveCfg = Debug|Any CPU
		{F88D7506-6481-4160-B038-118E0AE4F815}.Debug|Any CPU.Build.0 = Debug|Any CPU
		{F88D7506-6481-4160-B038-118E0AE4F815}.Release|Any CPU.ActiveCfg = Release|Any CPU
		{F88D7506-6481-4160-B038-118E0AE4F815}.Release|Any CPU.Build.0 = Release|Any CPU
	EndGlobalSection
	GlobalSection(SolutionProperties) = preSolution
		HideSolutionNode = FALSE
	EndGlobalSection
	GlobalSection(ExtensibilityGlobals) = postSolution
		SolutionGuid = {B7E5E150-314A-40B1-B870-9D1FDD118495}
	EndGlobalSection
EndGlobal
